
Microsoft Visual Studio Solution File, Format Version 12.00
# Visual Studio Version 16
VisualStudioVersion = 16.0.29324.140
MinimumVisualStudioVersion = 10.0.40219.1
Project("{FAE04EC0-301F-11D3-BF4B-00C04F79EFBC}") = "Console002_DiamondWithStars", "Console002_DiamondWithStars\Console002_DiamondWithStars.csproj", "{CF7A0B30-6E58-465F-A720-86E72AD43474}"
EndProject
Global
	GlobalSection(SolutionConfigurationPlatforms) = preSolution
		Debug|Any CPU = Debug|Any CPU
		Release|Any CPU = Release|Any CPU
	EndGlobalSection
	GlobalSection(ProjectConfigurationPlatforms) = postSolution
		{CF7A0B30-6E58-465F-A720-86E72AD43474}.Debug|Any CPU.ActiveCfg = Debug|Any CPU
		{CF7A0B30-6E58-465F-A720-86E72AD43474}.Debug|Any CPU.Build.0 = Debug|Any CPU
		{CF7A0B30-6E58-465F-A720-86E72AD43474}.Release|Any CPU.ActiveCfg = Release|Any CPU
		{CF7A0B30-6E58-465F-A720-86E72AD43474}.Release|Any CPU.Build.0 = Release|Any CPU
	EndGlobalSection
	GlobalSection(SolutionProperties) = preSolution
		HideSolutionNode = FALSE
	EndGlobalSection
	GlobalSection(ExtensibilityGlobals) = postSolution
		SolutionGuid = {57E2FCDD-EC42-498D-87B1-83E69C36E405}
	EndGlobalSection
EndGlobal
